{
  "name": "ai-ml-research-hub",
  "version": "1.0.0",
  "lockfileVersion": 3,
  "requires": true,
  "packages": {
    "": {
      "name": "ai-ml-research-hub",
      "version": "1.0.0",
      "dependencies": {
        "astro": "^4.11.5",
        "js-yaml": "^4.1.0",
        "prismjs": "^1.30.0"
      },
      "devDependencies": {
        "@rollup/plugin-yaml": "^4.1.2"
      }
    }
  }
}
